{
  "name": "techdegree-project-10",
  "version": "1.0.0",
  "lockfileVersion": 2,
  "requires": true,
  "packages": {
    "": {
      "name": "techdegree-project-10",
      "version": "1.0.0",
      "license": "UNLICENSED",
      "dependencies": {
        "jquery": "^3.6.4",
        "normalize-css": "^2.3.1"
      }
    },
    "node_modules/insert-css": {
      "version": "0.0.0",
      "resolved": "https://registry.npmjs.org/insert-css/-/insert-css-0.0.0.tgz",
      "integrity": "sha1-IwS/pviTq+y4/5yo2cdgXZTPKRE="
    },
    "node_modules/jquery": {
      "version": "3.6.4",
      "resolved": "https://registry.npmjs.org/jquery/-/jquery-3.6.4.tgz",
      "integrity": "sha512-v28EW9DWDFpzcD9O5iyJXg3R3+q+mET5JhnjJzQUZMHOv67bpSIHq81GEYpPNZHG+XXHsfSme3nxp/hndKEcsQ=="
    },
    "node_modules/normalize-css": {
      "version": "2.3.1",
      "resolved": "https://registry.npmjs.org/normalize-css/-/normalize-css-2.3.1.tgz",
      "integrity": "sha1-/APjuR46Uap6GDa657K2rG1R4VY=",
      "dependencies": {
        "insert-css": "0.0.0"
      }
    }
  },
  "dependencies": {
    "insert-css": {
      "version": "0.0.0",
      "resolved": "https://registry.npmjs.org/insert-css/-/insert-css-0.0.0.tgz",
      "integrity": "sha1-IwS/pviTq+y4/5yo2cdgXZTPKRE="
    },
    "jquery": {
      "version": "3.6.4",
      "resolved": "https://registry.npmjs.org/jquery/-/jquery-3.6.4.tgz",
      "integrity": "sha512-v28EW9DWDFpzcD9O5iyJXg3R3+q+mET5JhnjJzQUZMHOv67bpSIHq81GEYpPNZHG+XXHsfSme3nxp/hndKEcsQ=="
    },
    "normalize-css": {
      "version": "2.3.1",
      "resolved": "https://registry.npmjs.org/normalize-css/-/normalize-css-2.3.1.tgz",
      "integrity": "sha1-/APjuR46Uap6GDa657K2rG1R4VY=",
      "requires": {
        "insert-css": "0.0.0"
      }
    }
  }
}
